
Microsoft Visual Studio Solution File, Format Version 12.00
# Visual Studio Version 17
VisualStudioVersion = 17.0.31903.59
MinimumVisualStudioVersion = 10.0.40219.1
Project("{FAE04EC0-301F-11D3-BF4B-00C04F79EFBC}") = "API", "API\API.csproj", "{6D69B970-A56F-4BA9-84BB-B2470F8E16CC}"
EndProject
Project("{FAE04EC0-301F-11D3-BF4B-00C04F79EFBC}") = "Core", "Core\Core.csproj", "{A957166D-8606-41BE-9FDE-3E48BA9D43FE}"
EndProject
Project("{FAE04EC0-301F-11D3-BF4B-00C04F79EFBC}") = "Infrastructure", "Infrastructure\Infrastructure.csproj", "{B9115619-866B-48DA-8AC0-EF2AE43F5EA6}"
EndProject
Global
	GlobalSection(SolutionConfigurationPlatforms) = preSolution
		Debug|Any CPU = Debug|Any CPU
		Debug|x64 = Debug|x64
		Debug|x86 = Debug|x86
		Release|Any CPU = Release|Any CPU
		Release|x64 = Release|x64
		Release|x86 = Release|x86
	EndGlobalSection
	GlobalSection(ProjectConfigurationPlatforms) = postSolution
		{6D69B970-A56F-4BA9-84BB-B2470F8E16CC}.Debug|Any CPU.ActiveCfg = Debug|Any CPU
		{6D69B970-A56F-4BA9-84BB-B2470F8E16CC}.Debug|Any CPU.Build.0 = Debug|Any CPU
		{6D69B970-A56F-4BA9-84BB-B2470F8E16CC}.Debug|x64.ActiveCfg = Debug|Any CPU
		{6D69B970-A56F-4BA9-84BB-B2470F8E16CC}.Debug|x64.Build.0 = Debug|Any CPU
		{6D69B970-A56F-4BA9-84BB-B2470F8E16CC}.Debug|x86.ActiveCfg = Debug|Any CPU
		{6D69B970-A56F-4BA9-84BB-B2470F8E16CC}.Debug|x86.Build.0 = Debug|Any CPU
		{6D69B970-A56F-4BA9-84BB-B2470F8E16CC}.Release|Any CPU.ActiveCfg = Release|Any CPU
		{6D69B970-A56F-4BA9-84BB-B2470F8E16CC}.Release|Any CPU.Build.0 = Release|Any CPU
		{6D69B970-A56F-4BA9-84BB-B2470F8E16CC}.Release|x64.ActiveCfg = Release|Any CPU
		{6D69B970-A56F-4BA9-84BB-B2470F8E16CC}.Release|x64.Build.0 = Release|Any CPU
		{6D69B970-A56F-4BA9-84BB-B2470F8E16CC}.Release|x86.ActiveCfg = Release|Any CPU
		{6D69B970-A56F-4BA9-84BB-B2470F8E16CC}.Release|x86.Build.0 = Release|Any CPU
		{A957166D-8606-41BE-9FDE-3E48BA9D43FE}.Debug|Any CPU.ActiveCfg = Debug|Any CPU
		{A957166D-8606-41BE-9FDE-3E48BA9D43FE}.Debug|Any CPU.Build.0 = Debug|Any CPU
		{A957166D-8606-41BE-9FDE-3E48BA9D43FE}.Debug|x64.ActiveCfg = Debug|Any CPU
		{A957166D-8606-41BE-9FDE-3E48BA9D43FE}.Debug|x64.Build.0 = Debug|Any CPU
		{A957166D-8606-41BE-9FDE-3E48BA9D43FE}.Debug|x86.ActiveCfg = Debug|Any CPU
		{A957166D-8606-41BE-9FDE-3E48BA9D43FE}.Debug|x86.Build.0 = Debug|Any CPU
		{A957166D-8606-41BE-9FDE-3E48BA9D43FE}.Release|Any CPU.ActiveCfg = Release|Any CPU
		{A957166D-8606-41BE-9FDE-3E48BA9D43FE}.Release|Any CPU.Build.0 = Release|Any CPU
		{A957166D-8606-41BE-9FDE-3E48BA9D43FE}.Release|x64.ActiveCfg = Release|Any CPU
		{A957166D-8606-41BE-9FDE-3E48BA9D43FE}.Release|x64.Build.0 = Release|Any CPU
		{A957166D-8606-41BE-9FDE-3E48BA9D43FE}.Release|x86.ActiveCfg = Release|Any CPU
		{A957166D-8606-41BE-9FDE-3E48BA9D43FE}.Release|x86.Build.0 = Release|Any CPU
		{B9115619-866B-48DA-8AC0-EF2AE43F5EA6}.Debug|Any CPU.ActiveCfg = Debug|Any CPU
		{B9115619-866B-48DA-8AC0-EF2AE43F5EA6}.Debug|Any CPU.Build.0 = Debug|Any CPU
		{B9115619-866B-48DA-8AC0-EF2AE43F5EA6}.Debug|x64.ActiveCfg = Debug|Any CPU
		{B9115619-866B-48DA-8AC0-EF2AE43F5EA6}.Debug|x64.Build.0 = Debug|Any CPU
		{B9115619-866B-48DA-8AC0-EF2AE43F5EA6}.Debug|x86.ActiveCfg = Debug|Any CPU
		{B9115619-866B-48DA-8AC0-EF2AE43F5EA6}.Debug|x86.Build.0 = Debug|Any CPU
		{B9115619-866B-48DA-8AC0-EF2AE43F5EA6}.Release|Any CPU.ActiveCfg = Release|Any CPU
		{B9115619-866B-48DA-8AC0-EF2AE43F5EA6}.Release|Any CPU.Build.0 = Release|Any CPU
		{B9115619-866B-48DA-8AC0-EF2AE43F5EA6}.Release|x64.ActiveCfg = Release|Any CPU
		{B9115619-866B-48DA-8AC0-EF2AE43F5EA6}.Release|x64.Build.0 = Release|Any CPU
		{B9115619-866B-48DA-8AC0-EF2AE43F5EA6}.Release|x86.ActiveCfg = Release|Any CPU
		{B9115619-866B-48DA-8AC0-EF2AE43F5EA6}.Release|x86.Build.0 = Release|Any CPU
	EndGlobalSection
	GlobalSection(SolutionProperties) = preSolution
		HideSolutionNode = FALSE
	EndGlobalSection
EndGlobal
